
Microsoft Visual Studio Solution File, Format Version 9.00
# Visual Studio 2005
Project("{FAE04EC0-301F-11D3-BF4B-00C04F79EFBC}") = "SonicUI", "SonicUI.csproj", "{77BCF810-FD47-4425-B486-214AA6C386D0}"
	ProjectSection(WebsiteProperties) = preProject
		Debug.AspNetCompiler.Debug = "True"
		Release.AspNetCompiler.Debug = "False"
	EndProjectSection
EndProject
Project("{FAE04EC0-301F-11D3-BF4B-00C04F79EFBC}") = "SubSonic", "..\SubSonic\SubSonic.csproj", "{EE4A10E7-92C3-4EAC-B6DF-5DA1C26F4D1D}"
EndProject
Project("{FAE04EC0-301F-11D3-BF4B-00C04F79EFBC}") = "SubCommander", "..\SubCommander\SubCommander.csproj", "{39AED956-4929-4A20-9641-6612B9998B31}"
EndProject
Project("{FAE04EC0-301F-11D3-BF4B-00C04F79EFBC}") = "SubSync", "..\SubSync\SubSync.csproj", "{6146CF74-0FDA-42ED-8F99-DFC2C852D303}"
EndProject
Global
	GlobalSection(SolutionConfigurationPlatforms) = preSolution
		Debug|Any CPU = Debug|Any CPU
		Release|Any CPU = Release|Any CPU
	EndGlobalSection
	GlobalSection(ProjectConfigurationPlatforms) = postSolution
		{77BCF810-FD47-4425-B486-214AA6C386D0}.Debug|Any CPU.ActiveCfg = Debug|Any CPU
		{77BCF810-FD47-4425-B486-214AA6C386D0}.Debug|Any CPU.Build.0 = Debug|Any CPU
		{77BCF810-FD47-4425-B486-214AA6C386D0}.Release|Any CPU.ActiveCfg = Release|Any CPU
		{77BCF810-FD47-4425-B486-214AA6C386D0}.Release|Any CPU.Build.0 = Release|Any CPU
		{EE4A10E7-92C3-4EAC-B6DF-5DA1C26F4D1D}.Debug|Any CPU.ActiveCfg = Debug|Any CPU
		{EE4A10E7-92C3-4EAC-B6DF-5DA1C26F4D1D}.Debug|Any CPU.Build.0 = Debug|Any CPU
		{EE4A10E7-92C3-4EAC-B6DF-5DA1C26F4D1D}.Release|Any CPU.ActiveCfg = Release|Any CPU
		{EE4A10E7-92C3-4EAC-B6DF-5DA1C26F4D1D}.Release|Any CPU.Build.0 = Release|Any CPU
		{39AED956-4929-4A20-9641-6612B9998B31}.Debug|Any CPU.ActiveCfg = Debug|Any CPU
		{39AED956-4929-4A20-9641-6612B9998B31}.Debug|Any CPU.Build.0 = Debug|Any CPU
		{39AED956-4929-4A20-9641-6612B9998B31}.Release|Any CPU.ActiveCfg = Release|Any CPU
		{39AED956-4929-4A20-9641-6612B9998B31}.Release|Any CPU.Build.0 = Release|Any CPU
		{6146CF74-0FDA-42ED-8F99-DFC2C852D303}.Debug|Any CPU.ActiveCfg = Debug|Any CPU
		{6146CF74-0FDA-42ED-8F99-DFC2C852D303}.Debug|Any CPU.Build.0 = Debug|Any CPU
		{6146CF74-0FDA-42ED-8F99-DFC2C852D303}.Release|Any CPU.ActiveCfg = Release|Any CPU
		{6146CF74-0FDA-42ED-8F99-DFC2C852D303}.Release|Any CPU.Build.0 = Release|Any CPU
	EndGlobalSection
	GlobalSection(SolutionProperties) = preSolution
		HideSolutionNode = FALSE
	EndGlobalSection
EndGlobal
