
Microsoft Visual Studio Solution File, Format Version 9.00
# Visual Studio 2005
Project("{FAE04EC0-301F-11D3-BF4B-00C04F79EFBC}") = "SonicUI", "SonicUI.csproj", "{77BCF810-FD47-4425-B486-214AA6C386D0}"
	ProjectSection(WebsiteProperties) = preProject
		Debug.AspNetCompiler.Debug = "True"
		Release.AspNetCompiler.Debug = "False"
	EndProjectSection
EndProject
Global
	GlobalSection(SolutionConfigurationPlatforms) = preSolution
		Debug|Any CPU = Debug|Any CPU
		Release|Any CPU = Release|Any CPU
	EndGlobalSection
	GlobalSection(ProjectConfigurationPlatforms) = postSolution
		{77BCF810-FD47-4425-B486-214AA6C386D0}.Debug|Any CPU.ActiveCfg = Debug|Any CPU
		{77BCF810-FD47-4425-B486-214AA6C386D0}.Debug|Any CPU.Build.0 = Debug|Any CPU
		{77BCF810-FD47-4425-B486-214AA6C386D0}.Release|Any CPU.ActiveCfg = Release|Any CPU
		{77BCF810-FD47-4425-B486-214AA6C386D0}.Release|Any CPU.Build.0 = Release|Any CPU
	EndGlobalSection
	GlobalSection(SolutionProperties) = preSolution
		HideSolutionNode = FALSE
	EndGlobalSection
EndGlobal
